
Microsoft Visual Studio Solution File, Format Version 12.00
# Visual Studio Version 17
VisualStudioVersion = 17.11.35312.102
MinimumVisualStudioVersion = 10.0.40219.1
Project("{9A19103F-16F7-4668-BE54-9A1E7A4F7556}") = "ComPortsApp", "ComPortsApp.csproj", "{EAC99D7D-67FA-4E38-B7EA-26DBEF9FB84C}"
EndProject
Global
	GlobalSection(SolutionConfigurationPlatforms) = preSolution
		Debug|Any CPU = Debug|Any CPU
		Release|Any CPU = Release|Any CPU
	EndGlobalSection
	GlobalSection(ProjectConfigurationPlatforms) = postSolution
		{EAC99D7D-67FA-4E38-B7EA-26DBEF9FB84C}.Debug|Any CPU.ActiveCfg = Debug|Any CPU
		{EAC99D7D-67FA-4E38-B7EA-26DBEF9FB84C}.Debug|Any CPU.Build.0 = Debug|Any CPU
		{EAC99D7D-67FA-4E38-B7EA-26DBEF9FB84C}.Release|Any CPU.ActiveCfg = Release|Any CPU
		{EAC99D7D-67FA-4E38-B7EA-26DBEF9FB84C}.Release|Any CPU.Build.0 = Release|Any CPU
	EndGlobalSection
	GlobalSection(SolutionProperties) = preSolution
		HideSolutionNode = FALSE
	EndGlobalSection
	GlobalSection(ExtensibilityGlobals) = postSolution
		SolutionGuid = {BAED6F73-5F21-4F1A-B419-636E0BB70E37}
	EndGlobalSection
EndGlobal
